
Microsoft Visual Studio Solution File, Format Version 12.00
# Visual Studio Version 16
VisualStudioVersion = 16.0.34931.43
MinimumVisualStudioVersion = 10.0.40219.1
Project("{FAE04EC0-301F-11D3-BF4B-00C04F79EFBC}") = "ConsoleApp18", "ConsoleApp18.csproj", "{4C270BB8-542E-43D2-90BE-156B83D97D43}"
EndProject
Global
	GlobalSection(SolutionConfigurationPlatforms) = preSolution
		Debug|Any CPU = Debug|Any CPU
		Release|Any CPU = Release|Any CPU
	EndGlobalSection
	GlobalSection(ProjectConfigurationPlatforms) = postSolution
		{4C270BB8-542E-43D2-90BE-156B83D97D43}.Debug|Any CPU.ActiveCfg = Debug|Any CPU
		{4C270BB8-542E-43D2-90BE-156B83D97D43}.Debug|Any CPU.Build.0 = Debug|Any CPU
		{4C270BB8-542E-43D2-90BE-156B83D97D43}.Release|Any CPU.ActiveCfg = Release|Any CPU
		{4C270BB8-542E-43D2-90BE-156B83D97D43}.Release|Any CPU.Build.0 = Release|Any CPU
	EndGlobalSection
	GlobalSection(SolutionProperties) = preSolution
		HideSolutionNode = FALSE
	EndGlobalSection
	GlobalSection(ExtensibilityGlobals) = postSolution
		SolutionGuid = {E6206DD8-D1E1-48CF-876B-06B75B36039C}
	EndGlobalSection
EndGlobal
